
Microsoft Visual Studio Solution File, Format Version 12.00
# Visual Studio Version 17
VisualStudioVersion = 17.7.34031.279
MinimumVisualStudioVersion = 10.0.40219.1
Project("{FAE04EC0-301F-11D3-BF4B-00C04F79EFBC}") = "SUBDForm", "SUBDForm\SUBDForm.csproj", "{4268E943-C964-424C-AE7B-E371AA4BFE42}"
	ProjectSection(ProjectDependencies) = postProject
		{D7B1AE89-E02D-4FAC-9756-02FE66AA5390} = {D7B1AE89-E02D-4FAC-9756-02FE66AA5390}
	EndProjectSection
EndProject
Project("{FAE04EC0-301F-11D3-BF4B-00C04F79EFBC}") = "SUBDLab", "SUBDLab\SUBDLab.csproj", "{D7B1AE89-E02D-4FAC-9756-02FE66AA5390}"
EndProject
Project("{FAE04EC0-301F-11D3-BF4B-00C04F79EFBC}") = "UnitTesting", "UnitTesting\UnitTesting.csproj", "{E97F80C8-DA27-4F64-B280-3ABFA1732D45}"
EndProject
Global
	GlobalSection(SolutionConfigurationPlatforms) = preSolution
		Debug|Any CPU = Debug|Any CPU
		Release|Any CPU = Release|Any CPU
	EndGlobalSection
	GlobalSection(ProjectConfigurationPlatforms) = postSolution
		{4268E943-C964-424C-AE7B-E371AA4BFE42}.Debug|Any CPU.ActiveCfg = Debug|Any CPU
		{4268E943-C964-424C-AE7B-E371AA4BFE42}.Debug|Any CPU.Build.0 = Debug|Any CPU
		{4268E943-C964-424C-AE7B-E371AA4BFE42}.Release|Any CPU.ActiveCfg = Release|Any CPU
		{4268E943-C964-424C-AE7B-E371AA4BFE42}.Release|Any CPU.Build.0 = Release|Any CPU
		{D7B1AE89-E02D-4FAC-9756-02FE66AA5390}.Debug|Any CPU.ActiveCfg = Debug|Any CPU
		{D7B1AE89-E02D-4FAC-9756-02FE66AA5390}.Debug|Any CPU.Build.0 = Debug|Any CPU
		{D7B1AE89-E02D-4FAC-9756-02FE66AA5390}.Release|Any CPU.ActiveCfg = Release|Any CPU
		{D7B1AE89-E02D-4FAC-9756-02FE66AA5390}.Release|Any CPU.Build.0 = Release|Any CPU
		{E97F80C8-DA27-4F64-B280-3ABFA1732D45}.Debug|Any CPU.ActiveCfg = Debug|Any CPU
		{E97F80C8-DA27-4F64-B280-3ABFA1732D45}.Debug|Any CPU.Build.0 = Debug|Any CPU
		{E97F80C8-DA27-4F64-B280-3ABFA1732D45}.Release|Any CPU.ActiveCfg = Release|Any CPU
		{E97F80C8-DA27-4F64-B280-3ABFA1732D45}.Release|Any CPU.Build.0 = Release|Any CPU
	EndGlobalSection
	GlobalSection(SolutionProperties) = preSolution
		HideSolutionNode = FALSE
	EndGlobalSection
	GlobalSection(ExtensibilityGlobals) = postSolution
		SolutionGuid = {55018F8B-524C-42B9-8612-FECE6E7742FD}
	EndGlobalSection
EndGlobal
